// !$*UTF8*$!
{
	archiveVersion = 1;
	classes = {
	};
	objectVersion = 46;
	objects = {

/* Begin PBXBuildFile section */
		422181AF1D047764003A015B /* AppDelegate.m in Sources */ = {isa = PBXBuildFile; fileRef = 422181AE1D047764003A015B /* AppDelegate.m */; };
		422181B21D047764003A015B /* main.m in Sources */ = {isa = PBXBuildFile; fileRef = 422181B11D047764003A015B /* main.m */; };
		422181B51D047764003A015B /* ViewController.m in Sources */ = {isa = PBXBuildFile; fileRef = 422181B41D047764003A015B /* ViewController.m */; };
		422181B71D047764003A015B /* Assets.xcassets in Resources */ = {isa = PBXBuildFile; fileRef = 422181B61D047764003A015B /* Assets.xcassets */; };
		422181BA1D047764003A015B /* Main.storyboard in Resources */ = {isa = PBXBuildFile; fileRef = 422181B81D047764003A015B /* Main.storyboard */; };
		422181CA1D0479E0003A015B /* apatt_1.jpg in Resources */ = {isa = PBXBuildFile; fileRef = 422181BF1D0479E0003A015B /* apatt_1.jpg */; };
		422181CB1D0479E0003A015B /* apatt_2.jpg in Resources */ = {isa = PBXBuildFile; fileRef = 422181C01D0479E0003A015B /* apatt_2.jpg */; };
		422181CC1D0479E0003A015B /* apatt_3.jpg in Resources */ = {isa = PBXBuildFile; fileRef = 422181C11D0479E0003A015B /* apatt_3.jpg */; };
		422181CD1D0479E0003A015B /* apatt_4.jpg in Resources */ = {isa = PBXBuildFile; fileRef = 422181C21D0479E0003A015B /* apatt_4.jpg */; };
		422181CE1D0479E0003A015B /* bigblack_1.jpg in Resources */ = {isa = PBXBuildFile; fileRef = 422181C31D0479E0003A015B /* bigblack_1.jpg */; };
		422181CF1D0479E0003A015B /* mdam_1.jpg in Resources */ = {isa = PBXBuildFile; fileRef = 422181C41D0479E0003A015B /* mdam_1.jpg */; };
		422181D01D0479E0003A015B /* pantha_1.jpg in Resources */ = {isa = PBXBuildFile; fileRef = 422181C51D0479E0003A015B /* pantha_1.jpg */; };
		422181D11D0479E0003A015B /* shellac_1.jpg in Resources */ = {isa = PBXBuildFile; fileRef = 422181C61D0479E0003A015B /* shellac_1.jpg */; };
		422181D21D0479E0003A015B /* shellac_2.jpg in Resources */ = {isa = PBXBuildFile; fileRef = 422181C71D0479E0003A015B /* shellac_2.jpg */; };
		422181D31D0479E0003A015B /* shellac_3.jpg in Resources */ = {isa = PBXBuildFile; fileRef = 422181C81D0479E0003A015B /* shellac_3.jpg */; };
		422181D41D0479E0003A015B /* ursprung_1.jpg in Resources */ = {isa = PBXBuildFile; fileRef = 422181C91D0479E0003A015B /* ursprung_1.jpg */; };
		422181D71D0479FC003A015B /* NTJBilateralFilterRunner.m in Sources */ = {isa = PBXBuildFile; fileRef = 422181D61D0479FC003A015B /* NTJBilateralFilterRunner.m */; };
		422181E01D047ADE003A015B /* NTJBilateralCIFilter.h in Headers */ = {isa = PBXBuildFile; fileRef = 422181DF1D047ADE003A015B /* NTJBilateralCIFilter.h */; settings = {ATTRIBUTES = (Public, ); }; };
		422181E41D047ADE003A015B /* NTJBilateralCIFilter.framework in Frameworks */ = {isa = PBXBuildFile; fileRef = 422181DD1D047ADE003A015B /* NTJBilateralCIFilter.framework */; };
		422181E51D047ADE003A015B /* NTJBilateralCIFilter.framework in Embed Frameworks */ = {isa = PBXBuildFile; fileRef = 422181DD1D047ADE003A015B /* NTJBilateralCIFilter.framework */; settings = {ATTRIBUTES = (CodeSignOnCopy, RemoveHeadersOnCopy, ); }; };
		422181EA1D047B54003A015B /* NTJBilateralCIFilter.cikernel in Resources */ = {isa = PBXBuildFile; fileRef = 428EDE721CFDE114009CCC5D /* NTJBilateralCIFilter.cikernel */; };
		422181EB1D047B58003A015B /* NTJBilateralCIFilter.m in Sources */ = {isa = PBXBuildFile; fileRef = 428EDE6E1CFDE002009CCC5D /* NTJBilateralCIFilter.m */; };
		4271FECF1F968AA70001B53C /* main.m in Sources */ = {isa = PBXBuildFile; fileRef = 4271FECE1F968AA70001B53C /* main.m */; };
		4271FED21F968AA70001B53C /* AppDelegate.m in Sources */ = {isa = PBXBuildFile; fileRef = 4271FED11F968AA70001B53C /* AppDelegate.m */; };
		4271FED51F968AA70001B53C /* ViewController.m in Sources */ = {isa = PBXBuildFile; fileRef = 4271FED41F968AA70001B53C /* ViewController.m */; };
		4271FED81F968AA70001B53C /* Main.storyboard in Resources */ = {isa = PBXBuildFile; fileRef = 4271FED61F968AA70001B53C /* Main.storyboard */; };
		4271FEDA1F968AA70001B53C /* Assets.xcassets in Resources */ = {isa = PBXBuildFile; fileRef = 4271FED91F968AA70001B53C /* Assets.xcassets */; };
		4271FEDD1F968AA70001B53C /* LaunchScreen.storyboard in Resources */ = {isa = PBXBuildFile; fileRef = 4271FEDB1F968AA70001B53C /* LaunchScreen.storyboard */; };
		4271FEE41F9694320001B53C /* apatt_1.jpg in Resources */ = {isa = PBXBuildFile; fileRef = 422181BF1D0479E0003A015B /* apatt_1.jpg */; };
		4271FEE51F9694320001B53C /* apatt_2.jpg in Resources */ = {isa = PBXBuildFile; fileRef = 422181C01D0479E0003A015B /* apatt_2.jpg */; };
		4271FEE61F9694320001B53C /* apatt_3.jpg in Resources */ = {isa = PBXBuildFile; fileRef = 422181C11D0479E0003A015B /* apatt_3.jpg */; };
		4271FEE71F9694320001B53C /* apatt_4.jpg in Resources */ = {isa = PBXBuildFile; fileRef = 422181C21D0479E0003A015B /* apatt_4.jpg */; };
		4271FEE81F9694320001B53C /* bigblack_1.jpg in Resources */ = {isa = PBXBuildFile; fileRef = 422181C31D0479E0003A015B /* bigblack_1.jpg */; };
		4271FEE91F9694320001B53C /* mdam_1.jpg in Resources */ = {isa = PBXBuildFile; fileRef = 422181C41D0479E0003A015B /* mdam_1.jpg */; };
		4271FEEA1F9694320001B53C /* pantha_1.jpg in Resources */ = {isa = PBXBuildFile; fileRef = 422181C51D0479E0003A015B /* pantha_1.jpg */; };
		4271FEEB1F9694320001B53C /* shellac_1.jpg in Resources */ = {isa = PBXBuildFile; fileRef = 422181C61D0479E0003A015B /* shellac_1.jpg */; };
		4271FEEC1F9694320001B53C /* shellac_2.jpg in Resources */ = {isa = PBXBuildFile; fileRef = 422181C71D0479E0003A015B /* shellac_2.jpg */; };
		4271FEED1F9694320001B53C /* shellac_3.jpg in Resources */ = {isa = PBXBuildFile; fileRef = 422181C81D0479E0003A015B /* shellac_3.jpg */; };
		4271FEEE1F9694320001B53C /* ursprung_1.jpg in Resources */ = {isa = PBXBuildFile; fileRef = 422181C91D0479E0003A015B /* ursprung_1.jpg */; };
		4271FEEF1F96974B0001B53C /* NTJBilateralFilterRunner.m in Sources */ = {isa = PBXBuildFile; fileRef = 422181D61D0479FC003A015B /* NTJBilateralFilterRunner.m */; };
		4271FEFD1F9699470001B53C /* NTJBilateralCIFilteriOS.framework in Frameworks */ = {isa = PBXBuildFile; fileRef = 4271FEF61F9699470001B53C /* NTJBilateralCIFilteriOS.framework */; };
		4271FEFE1F9699470001B53C /* NTJBilateralCIFilteriOS.framework in Embed Frameworks */ = {isa = PBXBuildFile; fileRef = 4271FEF61F9699470001B53C /* NTJBilateralCIFilteriOS.framework */; settings = {ATTRIBUTES = (CodeSignOnCopy, RemoveHeadersOnCopy, ); }; };
		4271FF031F9699640001B53C /* NTJBilateralCIFilter.h in Headers */ = {isa = PBXBuildFile; fileRef = 422181DF1D047ADE003A015B /* NTJBilateralCIFilter.h */; settings = {ATTRIBUTES = (Public, ); }; };
		4271FF041F9699690001B53C /* NTJBilateralCIFilter.m in Sources */ = {isa = PBXBuildFile; fileRef = 428EDE6E1CFDE002009CCC5D /* NTJBilateralCIFilter.m */; };
		4271FF051F969C640001B53C /* NTJBilateralCIFilter.cikernel in Resources */ = {isa = PBXBuildFile; fileRef = 428EDE721CFDE114009CCC5D /* NTJBilateralCIFilter.cikernel */; };
		42DAEF581F96A6BD00D9C0CB /* CoreImage.framework in Frameworks */ = {isa = PBXBuildFile; fileRef = 428EDE701CFDE012009CCC5D /* CoreImage.framework */; };
		42DAEF5B1F96A79100D9C0CB /* NTJBilateralCIFilteriOS.h in Headers */ = {isa = PBXBuildFile; fileRef = 42DAEF5A1F96A74200D9C0CB /* NTJBilateralCIFilteriOS.h */; settings = {ATTRIBUTES = (Public, ); }; };
/* End PBXBuildFile section */

/* Begin PBXContainerItemProxy section */
		422181E21D047ADE003A015B /* PBXContainerItemProxy */ = {
			isa = PBXContainerItemProxy;
			containerPortal = 4285630917189993008EAE7C /* Project object */;
			proxyType = 1;
			remoteGlobalIDString = 422181DC1D047ADE003A015B;
			remoteInfo = NTJBilateralCIFilter;
		};
		4271FEFB1F9699470001B53C /* PBXContainerItemProxy */ = {
			isa = PBXContainerItemProxy;
			containerPortal = 4285630917189993008EAE7C /* Project object */;
			proxyType = 1;
			remoteGlobalIDString = 4271FEF51F9699470001B53C;
			remoteInfo = NTJBilateralCIFilteriOS;
		};
/* End PBXContainerItemProxy section */

/* Begin PBXCopyFilesBuildPhase section */
		422181E91D047ADE003A015B /* Embed Frameworks */ = {
			isa = PBXCopyFilesBuildPhase;
			buildActionMask = 2147483647;
			dstPath = "";
			dstSubfolderSpec = 10;
			files = (
				422181E51D047ADE003A015B /* NTJBilateralCIFilter.framework in Embed Frameworks */,
			);
			name = "Embed Frameworks";
			runOnlyForDeploymentPostprocessing = 0;
		};
		4271FF021F9699470001B53C /* Embed Frameworks */ = {
			isa = PBXCopyFilesBuildPhase;
			buildActionMask = 2147483647;
			dstPath = "";
			dstSubfolderSpec = 10;
			files = (
				4271FEFE1F9699470001B53C /* NTJBilateralCIFilteriOS.framework in Embed Frameworks */,
			);
			name = "Embed Frameworks";
			runOnlyForDeploymentPostprocessing = 0;
		};
/* End PBXCopyFilesBuildPhase section */

/* Begin PBXFileReference section */
		422181AB1D047764003A015B /* NTJBilateralCIFilterDemo.app */ = {isa = PBXFileReference; explicitFileType = wrapper.application; includeInIndex = 0; path = NTJBilateralCIFilterDemo.app; sourceTree = BUILT_PRODUCTS_DIR; };
		422181AD1D047764003A015B /* AppDelegate.h */ = {isa = PBXFileReference; lastKnownFileType = sourcecode.c.h; path = AppDelegate.h; sourceTree = "<group>"; };
		422181AE1D047764003A015B /* AppDelegate.m */ = {isa = PBXFileReference; lastKnownFileType = sourcecode.c.objc; path = AppDelegate.m; sourceTree = "<group>"; };
		422181B11D047764003A015B /* main.m */ = {isa = PBXFileReference; lastKnownFileType = sourcecode.c.objc; path = main.m; sourceTree = "<group>"; };
		422181B31D047764003A015B /* ViewController.h */ = {isa = PBXFileReference; lastKnownFileType = sourcecode.c.h; path = ViewController.h; sourceTree = "<group>"; };
		422181B41D047764003A015B /* ViewController.m */ = {isa = PBXFileReference; lastKnownFileType = sourcecode.c.objc; path = ViewController.m; sourceTree = "<group>"; };
		422181B61D047764003A015B /* Assets.xcassets */ = {isa = PBXFileReference; lastKnownFileType = folder.assetcatalog; path = Assets.xcassets; sourceTree = "<group>"; };
		422181B91D047764003A015B /* Base */ = {isa = PBXFileReference; lastKnownFileType = file.storyboard; name = Base; path = Base.lproj/Main.storyboard; sourceTree = "<group>"; };
		422181BB1D047764003A015B /* Info.plist */ = {isa = PBXFileReference; lastKnownFileType = text.plist.xml; path = Info.plist; sourceTree = "<group>"; };
		422181BF1D0479E0003A015B /* apatt_1.jpg */ = {isa = PBXFileReference; lastKnownFileType = image.jpeg; name = apatt_1.jpg; path = NTJBilateralCIFilterDemo/apatt_1.jpg; sourceTree = "<group>"; };
		422181C01D0479E0003A015B /* apatt_2.jpg */ = {isa = PBXFileReference; lastKnownFileType = image.jpeg; name = apatt_2.jpg; path = NTJBilateralCIFilterDemo/apatt_2.jpg; sourceTree = "<group>"; };
		422181C11D0479E0003A015B /* apatt_3.jpg */ = {isa = PBXFileReference; lastKnownFileType = image.jpeg; name = apatt_3.jpg; path = NTJBilateralCIFilterDemo/apatt_3.jpg; sourceTree = "<group>"; };
		422181C21D0479E0003A015B /* apatt_4.jpg */ = {isa = PBXFileReference; lastKnownFileType = image.jpeg; name = apatt_4.jpg; path = NTJBilateralCIFilterDemo/apatt_4.jpg; sourceTree = "<group>"; };
		422181C31D0479E0003A015B /* bigblack_1.jpg */ = {isa = PBXFileReference; lastKnownFileType = image.jpeg; name = bigblack_1.jpg; path = NTJBilateralCIFilterDemo/bigblack_1.jpg; sourceTree = "<group>"; };
		422181C41D0479E0003A015B /* mdam_1.jpg */ = {isa = PBXFileReference; lastKnownFileType = image.jpeg; name = mdam_1.jpg; path = NTJBilateralCIFilterDemo/mdam_1.jpg; sourceTree = "<group>"; };
		422181C51D0479E0003A015B /* pantha_1.jpg */ = {isa = PBXFileReference; lastKnownFileType = image.jpeg; name = pantha_1.jpg; path = NTJBilateralCIFilterDemo/pantha_1.jpg; sourceTree = "<group>"; };
		422181C61D0479E0003A015B /* shellac_1.jpg */ = {isa = PBXFileReference; lastKnownFileType = image.jpeg; name = shellac_1.jpg; path = NTJBilateralCIFilterDemo/shellac_1.jpg; sourceTree = "<group>"; };
		422181C71D0479E0003A015B /* shellac_2.jpg */ = {isa = PBXFileReference; lastKnownFileType = image.jpeg; name = shellac_2.jpg; path = NTJBilateralCIFilterDemo/shellac_2.jpg; sourceTree = "<group>"; };
		422181C81D0479E0003A015B /* shellac_3.jpg */ = {isa = PBXFileReference; lastKnownFileType = image.jpeg; name = shellac_3.jpg; path = NTJBilateralCIFilterDemo/shellac_3.jpg; sourceTree = "<group>"; };
		422181C91D0479E0003A015B /* ursprung_1.jpg */ = {isa = PBXFileReference; lastKnownFileType = image.jpeg; name = ursprung_1.jpg; path = NTJBilateralCIFilterDemo/ursprung_1.jpg; sourceTree = "<group>"; };
		422181D51D0479FC003A015B /* NTJBilateralFilterRunner.h */ = {isa = PBXFileReference; fileEncoding = 4; lastKnownFileType = sourcecode.c.h; name = NTJBilateralFilterRunner.h; path = NTJBilateralCIFilterDemo/NTJBilateralFilterRunner.h; sourceTree = "<group>"; };
		422181D61D0479FC003A015B /* NTJBilateralFilterRunner.m */ = {isa = PBXFileReference; fileEncoding = 4; lastKnownFileType = sourcecode.c.objc; name = NTJBilateralFilterRunner.m; path = NTJBilateralCIFilterDemo/NTJBilateralFilterRunner.m; sourceTree = "<group>"; };
		422181DD1D047ADE003A015B /* NTJBilateralCIFilter.framework */ = {isa = PBXFileReference; explicitFileType = wrapper.framework; includeInIndex = 0; path = NTJBilateralCIFilter.framework; sourceTree = BUILT_PRODUCTS_DIR; };
		422181DF1D047ADE003A015B /* NTJBilateralCIFilter.h */ = {isa = PBXFileReference; lastKnownFileType = sourcecode.c.h; path = NTJBilateralCIFilter.h; sourceTree = "<group>"; };
		422181E11D047ADE003A015B /* Info.plist */ = {isa = PBXFileReference; lastKnownFileType = text.plist.xml; path = Info.plist; sourceTree = "<group>"; };
		4271FECB1F968AA70001B53C /* NTJBilateralCIFilteriOSDemo.app */ = {isa = PBXFileReference; explicitFileType = wrapper.application; includeInIndex = 0; path = NTJBilateralCIFilteriOSDemo.app; sourceTree = BUILT_PRODUCTS_DIR; };
		4271FECE1F968AA70001B53C /* main.m */ = {isa = PBXFileReference; lastKnownFileType = sourcecode.c.objc; path = main.m; sourceTree = "<group>"; };
		4271FED01F968AA70001B53C /* AppDelegate.h */ = {isa = PBXFileReference; lastKnownFileType = sourcecode.c.h; path = AppDelegate.h; sourceTree = "<group>"; };
		4271FED11F968AA70001B53C /* AppDelegate.m */ = {isa = PBXFileReference; lastKnownFileType = sourcecode.c.objc; path = AppDelegate.m; sourceTree = "<group>"; };
		4271FED31F968AA70001B53C /* ViewController.h */ = {isa = PBXFileReference; lastKnownFileType = sourcecode.c.h; path = ViewController.h; sourceTree = "<group>"; };
		4271FED41F968AA70001B53C /* ViewController.m */ = {isa = PBXFileReference; lastKnownFileType = sourcecode.c.objc; path = ViewController.m; sourceTree = "<group>"; };
		4271FED71F968AA70001B53C /* Base */ = {isa = PBXFileReference; lastKnownFileType = file.storyboard; name = Base; path = Base.lproj/Main.storyboard; sourceTree = "<group>"; };
		4271FED91F968AA70001B53C /* Assets.xcassets */ = {isa = PBXFileReference; lastKnownFileType = folder.assetcatalog; path = Assets.xcassets; sourceTree = "<group>"; };
		4271FEDC1F968AA70001B53C /* Base */ = {isa = PBXFileReference; lastKnownFileType = file.storyboard; name = Base; path = Base.lproj/LaunchScreen.storyboard; sourceTree = "<group>"; };
		4271FEDE1F968AA70001B53C /* Info.plist */ = {isa = PBXFileReference; lastKnownFileType = text.plist.xml; path = Info.plist; sourceTree = "<group>"; };
		4271FEF61F9699470001B53C /* NTJBilateralCIFilteriOS.framework */ = {isa = PBXFileReference; explicitFileType = wrapper.framework; includeInIndex = 0; path = NTJBilateralCIFilteriOS.framework; sourceTree = BUILT_PRODUCTS_DIR; };
		4271FEF91F9699470001B53C /* Info.plist */ = {isa = PBXFileReference; lastKnownFileType = text.plist.xml; path = Info.plist; sourceTree = "<group>"; };
		4285631417189993008EAE7C /* Cocoa.framework */ = {isa = PBXFileReference; lastKnownFileType = wrapper.framework; name = Cocoa.framework; path = System/Library/Frameworks/Cocoa.framework; sourceTree = SDKROOT; };
		4285631717189993008EAE7C /* AppKit.framework */ = {isa = PBXFileReference; lastKnownFileType = wrapper.framework; name = AppKit.framework; path = System/Library/Frameworks/AppKit.framework; sourceTree = SDKROOT; };
		4285631817189993008EAE7C /* CoreData.framework */ = {isa = PBXFileReference; lastKnownFileType = wrapper.framework; name = CoreData.framework; path = System/Library/Frameworks/CoreData.framework; sourceTree = SDKROOT; };
		4285631917189993008EAE7C /* Foundation.framework */ = {isa = PBXFileReference; lastKnownFileType = wrapper.framework; name = Foundation.framework; path = System/Library/Frameworks/Foundation.framework; sourceTree = SDKROOT; };
		428EDE6E1CFDE002009CCC5D /* NTJBilateralCIFilter.m */ = {isa = PBXFileReference; fileEncoding = 4; lastKnownFileType = sourcecode.c.objc; path = NTJBilateralCIFilter.m; sourceTree = "<group>"; };
		428EDE701CFDE012009CCC5D /* CoreImage.framework */ = {isa = PBXFileReference; lastKnownFileType = wrapper.framework; name = CoreImage.framework; path = System/Library/Frameworks/CoreImage.framework; sourceTree = SDKROOT; };
		428EDE721CFDE114009CCC5D /* NTJBilateralCIFilter.cikernel */ = {isa = PBXFileReference; fileEncoding = 4; lastKnownFileType = text; path = NTJBilateralCIFilter.cikernel; sourceTree = "<group>"; };
		428EDE741CFDEC4D009CCC5D /* QuartzCore.framework */ = {isa = PBXFileReference; lastKnownFileType = wrapper.framework; name = QuartzCore.framework; path = System/Library/Frameworks/QuartzCore.framework; sourceTree = SDKROOT; };
		42DAEF591F96A6E400D9C0CB /* CoreImage.framework */ = {isa = PBXFileReference; lastKnownFileType = wrapper.framework; name = CoreImage.framework; path = Platforms/iPhoneOS.platform/Developer/SDKs/iPhoneOS11.0.sdk/System/Library/Frameworks/CoreImage.framework; sourceTree = DEVELOPER_DIR; };
		42DAEF5A1F96A74200D9C0CB /* NTJBilateralCIFilteriOS.h */ = {isa = PBXFileReference; lastKnownFileType = sourcecode.c.h; path = NTJBilateralCIFilteriOS.h; sourceTree = "<group>"; };
/* End PBXFileReference section */

/* Begin PBXFrameworksBuildPhase section */
		422181A81D047764003A015B /* Frameworks */ = {
			isa = PBXFrameworksBuildPhase;
			buildActionMask = 2147483647;
			files = (
				422181E41D047ADE003A015B /* NTJBilateralCIFilter.framework in Frameworks */,
			);
			runOnlyForDeploymentPostprocessing = 0;
		};
		422181D91D047ADE003A015B /* Frameworks */ = {
			isa = PBXFrameworksBuildPhase;
			buildActionMask = 2147483647;
			files = (
				42DAEF581F96A6BD00D9C0CB /* CoreImage.framework in Frameworks */,
			);
			runOnlyForDeploymentPostprocessing = 0;
		};
		4271FEC81F968AA70001B53C /* Frameworks */ = {
			isa = PBXFrameworksBuildPhase;
			buildActionMask = 2147483647;
			files = (
				4271FEFD1F9699470001B53C /* NTJBilateralCIFilteriOS.framework in Frameworks */,
			);
			runOnlyForDeploymentPostprocessing = 0;
		};
		4271FEF21F9699470001B53C /* Frameworks */ = {
			isa = PBXFrameworksBuildPhase;
			buildActionMask = 2147483647;
			files = (
			);
			runOnlyForDeploymentPostprocessing = 0;
		};
/* End PBXFrameworksBuildPhase section */

/* Begin PBXGroup section */
		422181AC1D047764003A015B /* NTJBilateralCIFilterDemo */ = {
			isa = PBXGroup;
			children = (
				422181AD1D047764003A015B /* AppDelegate.h */,
				422181AE1D047764003A015B /* AppDelegate.m */,
				422181B31D047764003A015B /* ViewController.h */,
				422181B41D047764003A015B /* ViewController.m */,
				422181B61D047764003A015B /* Assets.xcassets */,
				422181B81D047764003A015B /* Main.storyboard */,
				422181BB1D047764003A015B /* Info.plist */,
				422181B01D047764003A015B /* Supporting Files */,
			);
			path = NTJBilateralCIFilterDemo;
			sourceTree = "<group>";
		};
		422181B01D047764003A015B /* Supporting Files */ = {
			isa = PBXGroup;
			children = (
				422181B11D047764003A015B /* main.m */,
			);
			name = "Supporting Files";
			sourceTree = "<group>";
		};
		422181DE1D047ADE003A015B /* NTJBilateralCIFilter */ = {
			isa = PBXGroup;
			children = (
				422181DF1D047ADE003A015B /* NTJBilateralCIFilter.h */,
				428EDE6E1CFDE002009CCC5D /* NTJBilateralCIFilter.m */,
				428EDE721CFDE114009CCC5D /* NTJBilateralCIFilter.cikernel */,
				422181E11D047ADE003A015B /* Info.plist */,
			);
			path = NTJBilateralCIFilter;
			sourceTree = "<group>";
		};
		4271FECC1F968AA70001B53C /* NTJBilateralCIFilteriOSDemo */ = {
			isa = PBXGroup;
			children = (
				4271FED01F968AA70001B53C /* AppDelegate.h */,
				4271FED11F968AA70001B53C /* AppDelegate.m */,
				4271FED31F968AA70001B53C /* ViewController.h */,
				4271FED41F968AA70001B53C /* ViewController.m */,
				4271FED61F968AA70001B53C /* Main.storyboard */,
				4271FED91F968AA70001B53C /* Assets.xcassets */,
				4271FEDB1F968AA70001B53C /* LaunchScreen.storyboard */,
				4271FEDE1F968AA70001B53C /* Info.plist */,
				4271FECD1F968AA70001B53C /* Supporting Files */,
			);
			path = NTJBilateralCIFilteriOSDemo;
			sourceTree = "<group>";
		};
		4271FECD1F968AA70001B53C /* Supporting Files */ = {
			isa = PBXGroup;
			children = (
				4271FECE1F968AA70001B53C /* main.m */,
			);
			name = "Supporting Files";
			sourceTree = "<group>";
		};
		4271FEE21F9694180001B53C /* DemoShared */ = {
			isa = PBXGroup;
			children = (
				422181D51D0479FC003A015B /* NTJBilateralFilterRunner.h */,
				422181D61D0479FC003A015B /* NTJBilateralFilterRunner.m */,
				422181BF1D0479E0003A015B /* apatt_1.jpg */,
				422181C01D0479E0003A015B /* apatt_2.jpg */,
				422181C11D0479E0003A015B /* apatt_3.jpg */,
				422181C21D0479E0003A015B /* apatt_4.jpg */,
				422181C31D0479E0003A015B /* bigblack_1.jpg */,
				422181C41D0479E0003A015B /* mdam_1.jpg */,
				422181C51D0479E0003A015B /* pantha_1.jpg */,
				422181C61D0479E0003A015B /* shellac_1.jpg */,
				422181C71D0479E0003A015B /* shellac_2.jpg */,
				422181C81D0479E0003A015B /* shellac_3.jpg */,
				422181C91D0479E0003A015B /* ursprung_1.jpg */,
			);
			name = DemoShared;
			sourceTree = "<group>";
		};
		4271FEF71F9699470001B53C /* NTJBilateralCIFilteriOS */ = {
			isa = PBXGroup;
			children = (
				4271FEF91F9699470001B53C /* Info.plist */,
				42DAEF5A1F96A74200D9C0CB /* NTJBilateralCIFilteriOS.h */,
			);
			path = NTJBilateralCIFilteriOS;
			sourceTree = "<group>";
		};
		4285630817189993008EAE7C = {
			isa = PBXGroup;
			children = (
				422181DE1D047ADE003A015B /* NTJBilateralCIFilter */,
				4271FEF71F9699470001B53C /* NTJBilateralCIFilteriOS */,
				4271FEE21F9694180001B53C /* DemoShared */,
				422181AC1D047764003A015B /* NTJBilateralCIFilterDemo */,
				4271FECC1F968AA70001B53C /* NTJBilateralCIFilteriOSDemo */,
				4285631317189993008EAE7C /* Frameworks */,
				4285631217189993008EAE7C /* Products */,
			);
			sourceTree = "<group>";
		};
		4285631217189993008EAE7C /* Products */ = {
			isa = PBXGroup;
			children = (
				422181AB1D047764003A015B /* NTJBilateralCIFilterDemo.app */,
				422181DD1D047ADE003A015B /* NTJBilateralCIFilter.framework */,
				4271FECB1F968AA70001B53C /* NTJBilateralCIFilteriOSDemo.app */,
				4271FEF61F9699470001B53C /* NTJBilateralCIFilteriOS.framework */,
			);
			name = Products;
			sourceTree = "<group>";
		};
		4285631317189993008EAE7C /* Frameworks */ = {
			isa = PBXGroup;
			children = (
				42DAEF591F96A6E400D9C0CB /* CoreImage.framework */,
				428EDE741CFDEC4D009CCC5D /* QuartzCore.framework */,
				428EDE701CFDE012009CCC5D /* CoreImage.framework */,
				4285631417189993008EAE7C /* Cocoa.framework */,
				4285631617189993008EAE7C /* Other Frameworks */,
			);
			name = Frameworks;
			sourceTree = "<group>";
		};
		4285631617189993008EAE7C /* Other Frameworks */ = {
			isa = PBXGroup;
			children = (
				4285631717189993008EAE7C /* AppKit.framework */,
				4285631817189993008EAE7C /* CoreData.framework */,
				4285631917189993008EAE7C /* Foundation.framework */,
			);
			name = "Other Frameworks";
			sourceTree = "<group>";
		};
/* End PBXGroup section */

/* Begin PBXHeadersBuildPhase section */
		422181DA1D047ADE003A015B /* Headers */ = {
			isa = PBXHeadersBuildPhase;
			buildActionMask = 2147483647;
			files = (
				422181E01D047ADE003A015B /* NTJBilateralCIFilter.h in Headers */,
			);
			runOnlyForDeploymentPostprocessing = 0;
		};
		4271FEF31F9699470001B53C /* Headers */ = {
			isa = PBXHeadersBuildPhase;
			buildActionMask = 2147483647;
			files = (
				42DAEF5B1F96A79100D9C0CB /* NTJBilateralCIFilteriOS.h in Headers */,
				4271FF031F9699640001B53C /* NTJBilateralCIFilter.h in Headers */,
			);
			runOnlyForDeploymentPostprocessing = 0;
		};
/* End PBXHeadersBuildPhase section */

/* Begin PBXNativeTarget section */
		422181AA1D047764003A015B /* NTJBilateralCIFilterDemo */ = {
			isa = PBXNativeTarget;
			buildConfigurationList = 422181BC1D047764003A015B /* Build configuration list for PBXNativeTarget "NTJBilateralCIFilterDemo" */;
			buildPhases = (
				422181A71D047764003A015B /* Sources */,
				422181A81D047764003A015B /* Frameworks */,
				422181A91D047764003A015B /* Resources */,
				422181E91D047ADE003A015B /* Embed Frameworks */,
			);
			buildRules = (
			);
			dependencies = (
				422181E31D047ADE003A015B /* PBXTargetDependency */,
			);
			name = NTJBilateralCIFilterDemo;
			productName = NTJBilateralCIFilterDemo;
			productReference = 422181AB1D047764003A015B /* NTJBilateralCIFilterDemo.app */;
			productType = "com.apple.product-type.application";
		};
		422181DC1D047ADE003A015B /* NTJBilateralCIFilter */ = {
			isa = PBXNativeTarget;
			buildConfigurationList = 422181E61D047ADE003A015B /* Build configuration list for PBXNativeTarget "NTJBilateralCIFilter" */;
			buildPhases = (
				422181D81D047ADE003A015B /* Sources */,
				422181D91D047ADE003A015B /* Frameworks */,
				422181DA1D047ADE003A015B /* Headers */,
				422181DB1D047ADE003A015B /* Resources */,
			);
			buildRules = (
			);
			dependencies = (
			);
			name = NTJBilateralCIFilter;
			productName = NTJBilateralCIFilter;
			productReference = 422181DD1D047ADE003A015B /* NTJBilateralCIFilter.framework */;
			productType = "com.apple.product-type.framework";
		};
		4271FECA1F968AA70001B53C /* NTJBilateralCIFilteriOSDemo */ = {
			isa = PBXNativeTarget;
			buildConfigurationList = 4271FEE11F968AA70001B53C /* Build configuration list for PBXNativeTarget "NTJBilateralCIFilteriOSDemo" */;
			buildPhases = (
				4271FEC71F968AA70001B53C /* Sources */,
				4271FEC81F968AA70001B53C /* Frameworks */,
				4271FEC91F968AA70001B53C /* Resources */,
				4271FF021F9699470001B53C /* Embed Frameworks */,
			);
			buildRules = (
			);
			dependencies = (
				4271FEFC1F9699470001B53C /* PBXTargetDependency */,
			);
			name = NTJBilateralCIFilteriOSDemo;
			productName = NTJBilateralCIFilteriOSDemo;
			productReference = 4271FECB1F968AA70001B53C /* NTJBilateralCIFilteriOSDemo.app */;
			productType = "com.apple.product-type.application";
		};
		4271FEF51F9699470001B53C /* NTJBilateralCIFilteriOS */ = {
			isa = PBXNativeTarget;
			buildConfigurationList = 4271FEFF1F9699470001B53C /* Build configuration list for PBXNativeTarget "NTJBilateralCIFilteriOS" */;
			buildPhases = (
				4271FEF11F9699470001B53C /* Sources */,
				4271FEF21F9699470001B53C /* Frameworks */,
				4271FEF31F9699470001B53C /* Headers */,
				4271FEF41F9699470001B53C /* Resources */,
			);
			buildRules = (
			);
			dependencies = (
			);
			name = NTJBilateralCIFilteriOS;
			productName = NTJBilateralCIFilteriOS;
			productReference = 4271FEF61F9699470001B53C /* NTJBilateralCIFilteriOS.framework */;
			productType = "com.apple.product-type.framework";
		};
/* End PBXNativeTarget section */

/* Begin PBXProject section */
		4285630917189993008EAE7C /* Project object */ = {
			isa = PBXProject;
			attributes = {
				CLASSPREFIX = NTJ;
				LastUpgradeCheck = 0900;
				ORGANIZATIONNAME = "nojo inc";
				TargetAttributes = {
					422181AA1D047764003A015B = {
						CreatedOnToolsVersion = 7.3;
					};
					422181DC1D047ADE003A015B = {
						CreatedOnToolsVersion = 7.3;
					};
					4271FECA1F968AA70001B53C = {
						CreatedOnToolsVersion = 8.3.3;
						ProvisioningStyle = Automatic;
					};
					4271FEF51F9699470001B53C = {
						CreatedOnToolsVersion = 8.3.3;
						ProvisioningStyle = Automatic;
					};
				};
			};
			buildConfigurationList = 4285630C17189993008EAE7C /* Build configuration list for PBXProject "NTJBilateralCIFilter" */;
			compatibilityVersion = "Xcode 3.2";
			developmentRegion = English;
			hasScannedForEncodings = 0;
			knownRegions = (
				en,
				Base,
			);
			mainGroup = 4285630817189993008EAE7C;
			productRefGroup = 4285631217189993008EAE7C /* Products */;
			projectDirPath = "";
			projectRoot = "";
			targets = (
				422181AA1D047764003A015B /* NTJBilateralCIFilterDemo */,
				422181DC1D047ADE003A015B /* NTJBilateralCIFilter */,
				4271FECA1F968AA70001B53C /* NTJBilateralCIFilteriOSDemo */,
				4271FEF51F9699470001B53C /* NTJBilateralCIFilteriOS */,
			);
		};
/* End PBXProject section */

/* Begin PBXResourcesBuildPhase section */
		422181A91D047764003A015B /* Resources */ = {
			isa = PBXResourcesBuildPhase;
			buildActionMask = 2147483647;
			files = (
				422181D21D0479E0003A015B /* shellac_2.jpg in Resources */,
				422181CF1D0479E0003A015B /* mdam_1.jpg in Resources */,
				422181B71D047764003A015B /* Assets.xcassets in Resources */,
				422181CD1D0479E0003A015B /* apatt_4.jpg in Resources */,
				422181D01D0479E0003A015B /* pantha_1.jpg in Resources */,
				422181D11D0479E0003A015B /* shellac_1.jpg in Resources */,
				422181CB1D0479E0003A015B /* apatt_2.jpg in Resources */,
				422181CE1D0479E0003A015B /* bigblack_1.jpg in Resources */,
				422181CC1D0479E0003A015B /* apatt_3.jpg in Resources */,
				422181D41D0479E0003A015B /* ursprung_1.jpg in Resources */,
				422181CA1D0479E0003A015B /* apatt_1.jpg in Resources */,
				422181D31D0479E0003A015B /* shellac_3.jpg in Resources */,
				422181BA1D047764003A015B /* Main.storyboard in Resources */,
			);
			runOnlyForDeploymentPostprocessing = 0;
		};
		422181DB1D047ADE003A015B /* Resources */ = {
			isa = PBXResourcesBuildPhase;
			buildActionMask = 2147483647;
			files = (
				422181EA1D047B54003A015B /* NTJBilateralCIFilter.cikernel in Resources */,
			);
			runOnlyForDeploymentPostprocessing = 0;
		};
		4271FEC91F968AA70001B53C /* Resources */ = {
			isa = PBXResourcesBuildPhase;
			buildActionMask = 2147483647;
			files = (
				4271FEE41F9694320001B53C /* apatt_1.jpg in Resources */,
				4271FEEC1F9694320001B53C /* shellac_2.jpg in Resources */,
				4271FEE71F9694320001B53C /* apatt_4.jpg in Resources */,
				4271FEDD1F968AA70001B53C /* LaunchScreen.storyboard in Resources */,
				4271FEE91F9694320001B53C /* mdam_1.jpg in Resources */,
				4271FEDA1F968AA70001B53C /* Assets.xcassets in Resources */,
				4271FEEA1F9694320001B53C /* pantha_1.jpg in Resources */,
				4271FEEB1F9694320001B53C /* shellac_1.jpg in Resources */,
				4271FEE81F9694320001B53C /* bigblack_1.jpg in Resources */,
				4271FEED1F9694320001B53C /* shellac_3.jpg in Resources */,
				4271FEE51F9694320001B53C /* apatt_2.jpg in Resources */,
				4271FEEE1F9694320001B53C /* ursprung_1.jpg in Resources */,
				4271FEE61F9694320001B53C /* apatt_3.jpg in Resources */,
				4271FED81F968AA70001B53C /* Main.storyboard in Resources */,
			);
			runOnlyForDeploymentPostprocessing = 0;
		};
		4271FEF41F9699470001B53C /* Resources */ = {
			isa = PBXResourcesBuildPhase;
			buildActionMask = 2147483647;
			files = (
				4271FF051F969C640001B53C /* NTJBilateralCIFilter.cikernel in Resources */,
			);
			runOnlyForDeploymentPostprocessing = 0;
		};
/* End PBXResourcesBuildPhase section */

/* Begin PBXSourcesBuildPhase section */
		422181A71D047764003A015B /* Sources */ = {
			isa = PBXSourcesBuildPhase;
			buildActionMask = 2147483647;
			files = (
				422181B51D047764003A015B /* ViewController.m in Sources */,
				422181D71D0479FC003A015B /* NTJBilateralFilterRunner.m in Sources */,
				422181B21D047764003A015B /* main.m in Sources */,
				422181AF1D047764003A015B /* AppDelegate.m in Sources */,
			);
			runOnlyForDeploymentPostprocessing = 0;
		};
		422181D81D047ADE003A015B /* Sources */ = {
			isa = PBXSourcesBuildPhase;
			buildActionMask = 2147483647;
			files = (
				422181EB1D047B58003A015B /* NTJBilateralCIFilter.m in Sources */,
			);
			runOnlyForDeploymentPostprocessing = 0;
		};
		4271FEC71F968AA70001B53C /* Sources */ = {
			isa = PBXSourcesBuildPhase;
			buildActionMask = 2147483647;
			files = (
				4271FED51F968AA70001B53C /* ViewController.m in Sources */,
				4271FEEF1F96974B0001B53C /* NTJBilateralFilterRunner.m in Sources */,
				4271FED21F968AA70001B53C /* AppDelegate.m in Sources */,
				4271FECF1F968AA70001B53C /* main.m in Sources */,
			);
			runOnlyForDeploymentPostprocessing = 0;
		};
		4271FEF11F9699470001B53C /* Sources */ = {
			isa = PBXSourcesBuildPhase;
			buildActionMask = 2147483647;
			files = (
				4271FF041F9699690001B53C /* NTJBilateralCIFilter.m in Sources */,
			);
			runOnlyForDeploymentPostprocessing = 0;
		};
/* End PBXSourcesBuildPhase section */

/* Begin PBXTargetDependency section */
		422181E31D047ADE003A015B /* PBXTargetDependency */ = {
			isa = PBXTargetDependency;
			target = 422181DC1D047ADE003A015B /* NTJBilateralCIFilter */;
			targetProxy = 422181E21D047ADE003A015B /* PBXContainerItemProxy */;
		};
		4271FEFC1F9699470001B53C /* PBXTargetDependency */ = {
			isa = PBXTargetDependency;
			target = 4271FEF51F9699470001B53C /* NTJBilateralCIFilteriOS */;
			targetProxy = 4271FEFB1F9699470001B53C /* PBXContainerItemProxy */;
		};
/* End PBXTargetDependency section */

/* Begin PBXVariantGroup section */
		422181B81D047764003A015B /* Main.storyboard */ = {
			isa = PBXVariantGroup;
			children = (
				422181B91D047764003A015B /* Base */,
			);
			name = Main.storyboard;
			sourceTree = "<group>";
		};
		4271FED61F968AA70001B53C /* Main.storyboard */ = {
			isa = PBXVariantGroup;
			children = (
				4271FED71F968AA70001B53C /* Base */,
			);
			name = Main.storyboard;
			sourceTree = "<group>";
		};
		4271FEDB1F968AA70001B53C /* LaunchScreen.storyboard */ = {
			isa = PBXVariantGroup;
			children = (
				4271FEDC1F968AA70001B53C /* Base */,
			);
			name = LaunchScreen.storyboard;
			sourceTree = "<group>";
		};
/* End PBXVariantGroup section */

/* Begin XCBuildConfiguration section */
		422181BD1D047764003A015B /* Debug */ = {
			isa = XCBuildConfiguration;
			buildSettings = {
				ASSETCATALOG_COMPILER_APPICON_NAME = AppIcon;
				CLANG_ANALYZER_NONNULL = YES;
				CLANG_ENABLE_MODULES = YES;
				CLANG_WARN_BOOL_CONVERSION = YES;
				CLANG_WARN_DIRECT_OBJC_ISA_USAGE = YES_ERROR;
				CLANG_WARN_OBJC_ROOT_CLASS = YES_ERROR;
				CLANG_WARN_UNREACHABLE_CODE = YES;
				CODE_SIGN_IDENTITY = "-";
				COMBINE_HIDPI_IMAGES = YES;
				DEBUG_INFORMATION_FORMAT = dwarf;
				ENABLE_STRICT_OBJC_MSGSEND = YES;
				GCC_NO_COMMON_BLOCKS = YES;
				GCC_WARN_ABOUT_RETURN_TYPE = YES_ERROR;
				GCC_WARN_UNDECLARED_SELECTOR = YES;
				GCC_WARN_UNINITIALIZED_AUTOS = YES_AGGRESSIVE;
				GCC_WARN_UNUSED_FUNCTION = YES;
				INFOPLIST_FILE = NTJBilateralCIFilterDemo/Info.plist;
				LD_RUNPATH_SEARCH_PATHS = "$(inherited) @executable_path/../Frameworks";
				MACOSX_DEPLOYMENT_TARGET = 10.11;
				MTL_ENABLE_DEBUG_INFO = YES;
				PRODUCT_BUNDLE_IDENTIFIER = com.notjosh.NTJBilateralCIFilterDemo;
				PRODUCT_NAME = "$(TARGET_NAME)";
			};
			name = Debug;
		};
		422181BE1D047764003A015B /* Release */ = {
			isa = XCBuildConfiguration;
			buildSettings = {
				ASSETCATALOG_COMPILER_APPICON_NAME = AppIcon;
				CLANG_ANALYZER_NONNULL = YES;
				CLANG_ENABLE_MODULES = YES;
				CLANG_WARN_BOOL_CONVERSION = YES;
				CLANG_WARN_DIRECT_OBJC_ISA_USAGE = YES_ERROR;
				CLANG_WARN_OBJC_ROOT_CLASS = YES_ERROR;
				CLANG_WARN_UNREACHABLE_CODE = YES;
				CODE_SIGN_IDENTITY = "-";
				COMBINE_HIDPI_IMAGES = YES;
				COPY_PHASE_STRIP = NO;
				ENABLE_NS_ASSERTIONS = NO;
				ENABLE_STRICT_OBJC_MSGSEND = YES;
				GCC_NO_COMMON_BLOCKS = YES;
				GCC_WARN_ABOUT_RETURN_TYPE = YES_ERROR;
				GCC_WARN_UNDECLARED_SELECTOR = YES;
				GCC_WARN_UNINITIALIZED_AUTOS = YES_AGGRESSIVE;
				GCC_WARN_UNUSED_FUNCTION = YES;
				INFOPLIST_FILE = NTJBilateralCIFilterDemo/Info.plist;
				LD_RUNPATH_SEARCH_PATHS = "$(inherited) @executable_path/../Frameworks";
				MACOSX_DEPLOYMENT_TARGET = 10.11;
				MTL_ENABLE_DEBUG_INFO = NO;
				PRODUCT_BUNDLE_IDENTIFIER = com.notjosh.NTJBilateralCIFilterDemo;
				PRODUCT_NAME = "$(TARGET_NAME)";
			};
			name = Release;
		};
		422181E71D047ADE003A015B /* Debug */ = {
			isa = XCBuildConfiguration;
			buildSettings = {
				CLANG_ANALYZER_NONNULL = YES;
				CLANG_ENABLE_MODULES = YES;
				CLANG_WARN_BOOL_CONVERSION = YES;
				CLANG_WARN_DIRECT_OBJC_ISA_USAGE = YES_ERROR;
				CLANG_WARN_OBJC_ROOT_CLASS = YES_ERROR;
				CLANG_WARN_UNREACHABLE_CODE = YES;
				CODE_SIGN_IDENTITY = "-";
				COMBINE_HIDPI_IMAGES = YES;
				CURRENT_PROJECT_VERSION = 1;
				DEBUG_INFORMATION_FORMAT = dwarf;
				DEFINES_MODULE = YES;
				DYLIB_COMPATIBILITY_VERSION = 1;
				DYLIB_CURRENT_VERSION = 1;
				DYLIB_INSTALL_NAME_BASE = "@rpath";
				ENABLE_STRICT_OBJC_MSGSEND = YES;
				FRAMEWORK_VERSION = A;
				GCC_NO_COMMON_BLOCKS = YES;
				GCC_WARN_ABOUT_RETURN_TYPE = YES_ERROR;
				GCC_WARN_UNDECLARED_SELECTOR = YES;
				GCC_WARN_UNINITIALIZED_AUTOS = YES_AGGRESSIVE;
				GCC_WARN_UNUSED_FUNCTION = YES;
				INFOPLIST_FILE = NTJBilateralCIFilter/Info.plist;
				INSTALL_PATH = "$(LOCAL_LIBRARY_DIR)/Frameworks";
				LD_RUNPATH_SEARCH_PATHS = "$(inherited) @executable_path/../Frameworks @loader_path/Frameworks";
				MACOSX_DEPLOYMENT_TARGET = 10.11;
				MTL_ENABLE_DEBUG_INFO = YES;
				PRODUCT_BUNDLE_IDENTIFIER = com.notjosh.NTJBilateralCIFilter;
				PRODUCT_NAME = "$(TARGET_NAME)";
				SKIP_INSTALL = YES;
				VERSIONING_SYSTEM = "apple-generic";
				VERSION_INFO_PREFIX = "";
			};
			name = Debug;
		};
		422181E81D047ADE003A015B /* Release */ = {
			isa = XCBuildConfiguration;
			buildSettings = {
				CLANG_ANALYZER_NONNULL = YES;
				CLANG_ENABLE_MODULES = YES;
				CLANG_WARN_BOOL_CONVERSION = YES;
				CLANG_WARN_DIRECT_OBJC_ISA_USAGE = YES_ERROR;
				CLANG_WARN_OBJC_ROOT_CLASS = YES_ERROR;
				CLANG_WARN_UNREACHABLE_CODE = YES;
				CODE_SIGN_IDENTITY = "-";
				COMBINE_HIDPI_IMAGES = YES;
				COPY_PHASE_STRIP = NO;
				CURRENT_PROJECT_VERSION = 1;
				DEFINES_MODULE = YES;
				DYLIB_COMPATIBILITY_VERSION = 1;
				DYLIB_CURRENT_VERSION = 1;
				DYLIB_INSTALL_NAME_BASE = "@rpath";
				ENABLE_NS_ASSERTIONS = NO;
				ENABLE_STRICT_OBJC_MSGSEND = YES;
				FRAMEWORK_VERSION = A;
				GCC_NO_COMMON_BLOCKS = YES;
				GCC_WARN_ABOUT_RETURN_TYPE = YES_ERROR;
				GCC_WARN_UNDECLARED_SELECTOR = YES;
				GCC_WARN_UNINITIALIZED_AUTOS = YES_AGGRESSIVE;
				GCC_WARN_UNUSED_FUNCTION = YES;
				INFOPLIST_FILE = NTJBilateralCIFilter/Info.plist;
				INSTALL_PATH = "$(LOCAL_LIBRARY_DIR)/Frameworks";
				LD_RUNPATH_SEARCH_PATHS = "$(inherited) @executable_path/../Frameworks @loader_path/Frameworks";
				MACOSX_DEPLOYMENT_TARGET = 10.11;
				MTL_ENABLE_DEBUG_INFO = NO;
				PRODUCT_BUNDLE_IDENTIFIER = com.notjosh.NTJBilateralCIFilter;
				PRODUCT_NAME = "$(TARGET_NAME)";
				SKIP_INSTALL = YES;
				VERSIONING_SYSTEM = "apple-generic";
				VERSION_INFO_PREFIX = "";
			};
			name = Release;
		};
		4271FEDF1F968AA70001B53C /* Debug */ = {
			isa = XCBuildConfiguration;
			buildSettings = {
				ASSETCATALOG_COMPILER_APPICON_NAME = AppIcon;
				CLANG_ANALYZER_NONNULL = YES;
				CLANG_ANALYZER_NUMBER_OBJECT_CONVERSION = YES_AGGRESSIVE;
				CLANG_ENABLE_MODULES = YES;
				CLANG_WARN_BOOL_CONVERSION = YES;
				CLANG_WARN_DIRECT_OBJC_ISA_USAGE = YES_ERROR;
				CLANG_WARN_DOCUMENTATION_COMMENTS = YES;
				CLANG_WARN_INFINITE_RECURSION = YES;
				CLANG_WARN_OBJC_ROOT_CLASS = YES_ERROR;
				CLANG_WARN_SUSPICIOUS_MOVE = YES;
				CLANG_WARN_UNREACHABLE_CODE = YES;
				"CODE_SIGN_IDENTITY[sdk=iphoneos*]" = "iPhone Developer";
				DEBUG_INFORMATION_FORMAT = dwarf;
				ENABLE_STRICT_OBJC_MSGSEND = YES;
				GCC_NO_COMMON_BLOCKS = YES;
				GCC_WARN_ABOUT_RETURN_TYPE = YES_ERROR;
				GCC_WARN_UNDECLARED_SELECTOR = YES;
				GCC_WARN_UNINITIALIZED_AUTOS = YES_AGGRESSIVE;
				GCC_WARN_UNUSED_FUNCTION = YES;
				INFOPLIST_FILE = NTJBilateralCIFilteriOSDemo/Info.plist;
				IPHONEOS_DEPLOYMENT_TARGET = 10.3;
				LD_RUNPATH_SEARCH_PATHS = "$(inherited) @executable_path/Frameworks";
				MTL_ENABLE_DEBUG_INFO = YES;
				PRODUCT_BUNDLE_IDENTIFIER = com.notjosh.NTJBilateralCIFilteriOSDemo;
				PRODUCT_NAME = "$(TARGET_NAME)";
				SDKROOT = iphoneos;
			};
			name = Debug;
		};
		4271FEE01F968AA70001B53C /* Release */ = {
			isa = XCBuildConfiguration;
			buildSettings = {
				ASSETCATALOG_COMPILER_APPICON_NAME = AppIcon;
				CLANG_ANALYZER_NONNULL = YES;
				CLANG_ANALYZER_NUMBER_OBJECT_CONVERSION = YES_AGGRESSIVE;
				CLANG_ENABLE_MODULES = YES;
				CLANG_WARN_BOOL_CONVERSION = YES;
				CLANG_WARN_DIRECT_OBJC_ISA_USAGE = YES_ERROR;
				CLANG_WARN_DOCUMENTATION_COMMENTS = YES;
				CLANG_WARN_INFINITE_RECURSION = YES;
				CLANG_WARN_OBJC_ROOT_CLASS = YES_ERROR;
				CLANG_WARN_SUSPICIOUS_MOVE = YES;
				CLANG_WARN_UNREACHABLE_CODE = YES;
				"CODE_SIGN_IDENTITY[sdk=iphoneos*]" = "iPhone Developer";
				COPY_PHASE_STRIP = NO;
				ENABLE_NS_ASSERTIONS = NO;
				ENABLE_STRICT_OBJC_MSGSEND = YES;
				GCC_NO_COMMON_BLOCKS = YES;
				GCC_WARN_ABOUT_RETURN_TYPE = YES_ERROR;
				GCC_WARN_UNDECLARED_SELECTOR = YES;
				GCC_WARN_UNINITIALIZED_AUTOS = YES_AGGRESSIVE;
				GCC_WARN_UNUSED_FUNCTION = YES;
				INFOPLIST_FILE = NTJBilateralCIFilteriOSDemo/Info.plist;
				IPHONEOS_DEPLOYMENT_TARGET = 10.3;
				LD_RUNPATH_SEARCH_PATHS = "$(inherited) @executable_path/Frameworks";
				MTL_ENABLE_DEBUG_INFO = NO;
				PRODUCT_BUNDLE_IDENTIFIER = com.notjosh.NTJBilateralCIFilteriOSDemo;
				PRODUCT_NAME = "$(TARGET_NAME)";
				SDKROOT = iphoneos;
				VALIDATE_PRODUCT = YES;
			};
			name = Release;
		};
		4271FF001F9699470001B53C /* Debug */ = {
			isa = XCBuildConfiguration;
			buildSettings = {
				CLANG_ANALYZER_NONNULL = YES;
				CLANG_ANALYZER_NUMBER_OBJECT_CONVERSION = YES_AGGRESSIVE;
				CLANG_ENABLE_MODULES = YES;
				CLANG_WARN_BOOL_CONVERSION = YES;
				CLANG_WARN_DIRECT_OBJC_ISA_USAGE = YES_ERROR;
				CLANG_WARN_DOCUMENTATION_COMMENTS = YES;
				CLANG_WARN_INFINITE_RECURSION = YES;
				CLANG_WARN_OBJC_ROOT_CLASS = YES_ERROR;
				CLANG_WARN_SUSPICIOUS_MOVE = YES;
				CLANG_WARN_UNREACHABLE_CODE = YES;
				CODE_SIGN_IDENTITY = "";
				"CODE_SIGN_IDENTITY[sdk=iphoneos*]" = "";
				CURRENT_PROJECT_VERSION = 1;
				DEBUG_INFORMATION_FORMAT = dwarf;
				DEFINES_MODULE = YES;
				DYLIB_COMPATIBILITY_VERSION = 1;
				DYLIB_CURRENT_VERSION = 1;
				DYLIB_INSTALL_NAME_BASE = "@rpath";
				ENABLE_STRICT_OBJC_MSGSEND = YES;
				GCC_NO_COMMON_BLOCKS = YES;
				GCC_WARN_ABOUT_RETURN_TYPE = YES_ERROR;
				GCC_WARN_UNDECLARED_SELECTOR = YES;
				GCC_WARN_UNINITIALIZED_AUTOS = YES_AGGRESSIVE;
				GCC_WARN_UNUSED_FUNCTION = YES;
				INFOPLIST_FILE = NTJBilateralCIFilteriOS/Info.plist;
				INSTALL_PATH = "$(LOCAL_LIBRARY_DIR)/Frameworks";
				IPHONEOS_DEPLOYMENT_TARGET = 10.3;
				LD_RUNPATH_SEARCH_PATHS = "$(inherited) @executable_path/Frameworks @loader_path/Frameworks";
				MTL_ENABLE_DEBUG_INFO = YES;
				PRODUCT_BUNDLE_IDENTIFIER = com.notjosh.NTJBilateralCIFilteriOS;
				PRODUCT_NAME = "$(TARGET_NAME)";
				SDKROOT = iphoneos;
				SKIP_INSTALL = YES;
				TARGETED_DEVICE_FAMILY = "1,2";
				VERSIONING_SYSTEM = "apple-generic";
				VERSION_INFO_PREFIX = "";
			};
			name = Debug;
		};
		4271FF011F9699470001B53C /* Release */ = {
			isa = XCBuildConfiguration;
			buildSettings = {
				CLANG_ANALYZER_NONNULL = YES;
				CLANG_ANALYZER_NUMBER_OBJECT_CONVERSION = YES_AGGRESSIVE;
				CLANG_ENABLE_MODULES = YES;
				CLANG_WARN_BOOL_CONVERSION = YES;
				CLANG_WARN_DIRECT_OBJC_ISA_USAGE = YES_ERROR;
				CLANG_WARN_DOCUMENTATION_COMMENTS = YES;
				CLANG_WARN_INFINITE_RECURSION = YES;
				CLANG_WARN_OBJC_ROOT_CLASS = YES_ERROR;
				CLANG_WARN_SUSPICIOUS_MOVE = YES;
				CLANG_WARN_UNREACHABLE_CODE = YES;
				CODE_SIGN_IDENTITY = "";
				"CODE_SIGN_IDENTITY[sdk=iphoneos*]" = "";
				COPY_PHASE_STRIP = NO;
				CURRENT_PROJECT_VERSION = 1;
				DEFINES_MODULE = YES;
				DYLIB_COMPATIBILITY_VERSION = 1;
				DYLIB_CURRENT_VERSION = 1;
				DYLIB_INSTALL_NAME_BASE = "@rpath";
				ENABLE_NS_ASSERTIONS = NO;
				ENABLE_STRICT_OBJC_MSGSEND = YES;
				GCC_NO_COMMON_BLOCKS = YES;
				GCC_WARN_ABOUT_RETURN_TYPE = YES_ERROR;
				GCC_WARN_UNDECLARED_SELECTOR = YES;
				GCC_WARN_UNINITIALIZED_AUTOS = YES_AGGRESSIVE;
				GCC_WARN_UNUSED_FUNCTION = YES;
				INFOPLIST_FILE = NTJBilateralCIFilteriOS/Info.plist;
				INSTALL_PATH = "$(LOCAL_LIBRARY_DIR)/Frameworks";
				IPHONEOS_DEPLOYMENT_TARGET = 10.3;
				LD_RUNPATH_SEARCH_PATHS = "$(inherited) @executable_path/Frameworks @loader_path/Frameworks";
				MTL_ENABLE_DEBUG_INFO = NO;
				PRODUCT_BUNDLE_IDENTIFIER = com.notjosh.NTJBilateralCIFilteriOS;
				PRODUCT_NAME = "$(TARGET_NAME)";
				SDKROOT = iphoneos;
				SKIP_INSTALL = YES;
				TARGETED_DEVICE_FAMILY = "1,2";
				VALIDATE_PRODUCT = YES;
				VERSIONING_SYSTEM = "apple-generic";
				VERSION_INFO_PREFIX = "";
			};
			name = Release;
		};
		4285632C17189994008EAE7C /* Debug */ = {
			isa = XCBuildConfiguration;
			buildSettings = {
				ALWAYS_SEARCH_USER_PATHS = NO;
				CLANG_CXX_LANGUAGE_STANDARD = "gnu++0x";
				CLANG_CXX_LIBRARY = "libc++";
				CLANG_ENABLE_OBJC_ARC = YES;
				CLANG_WARN_BLOCK_CAPTURE_AUTORELEASING = YES;
				CLANG_WARN_BOOL_CONVERSION = YES;
				CLANG_WARN_COMMA = YES;
				CLANG_WARN_CONSTANT_CONVERSION = YES;
				CLANG_WARN_EMPTY_BODY = YES;
				CLANG_WARN_ENUM_CONVERSION = YES;
				CLANG_WARN_INFINITE_RECURSION = YES;
				CLANG_WARN_INT_CONVERSION = YES;
				CLANG_WARN_NON_LITERAL_NULL_CONVERSION = YES;
				CLANG_WARN_OBJC_LITERAL_CONVERSION = YES;
				CLANG_WARN_RANGE_LOOP_ANALYSIS = YES;
				CLANG_WARN_STRICT_PROTOTYPES = YES;
				CLANG_WARN_SUSPICIOUS_MOVE = YES;
				CLANG_WARN_UNREACHABLE_CODE = YES;
				CLANG_WARN__DUPLICATE_METHOD_MATCH = YES;
				COPY_PHASE_STRIP = NO;
				ENABLE_STRICT_OBJC_MSGSEND = YES;
				ENABLE_TESTABILITY = YES;
				GCC_C_LANGUAGE_STANDARD = gnu99;
				GCC_DYNAMIC_NO_PIC = NO;
				GCC_ENABLE_OBJC_EXCEPTIONS = YES;
				GCC_NO_COMMON_BLOCKS = YES;
				GCC_OPTIMIZATION_LEVEL = 0;
				GCC_PREPROCESSOR_DEFINITIONS = (
					"DEBUG=1",
					"$(inherited)",
				);
				GCC_SYMBOLS_PRIVATE_EXTERN = NO;
				GCC_WARN_64_TO_32_BIT_CONVERSION = YES;
				GCC_WARN_ABOUT_RETURN_TYPE = YES;
				GCC_WARN_UNDECLARED_SELECTOR = YES;
				GCC_WARN_UNINITIALIZED_AUTOS = YES;
				GCC_WARN_UNUSED_FUNCTION = YES;
				GCC_WARN_UNUSED_VARIABLE = YES;
				MACOSX_DEPLOYMENT_TARGET = 10.8;
				ONLY_ACTIVE_ARCH = YES;
				SDKROOT = macosx;
			};
			name = Debug;
		};
		4285632D17189994008EAE7C /* Release */ = {
			isa = XCBuildConfiguration;
			buildSettings = {
				ALWAYS_SEARCH_USER_PATHS = NO;
				CLANG_CXX_LANGUAGE_STANDARD = "gnu++0x";
				CLANG_CXX_LIBRARY = "libc++";
				CLANG_ENABLE_OBJC_ARC = YES;
				CLANG_WARN_BLOCK_CAPTURE_AUTORELEASING = YES;
				CLANG_WARN_BOOL_CONVERSION = YES;
				CLANG_WARN_COMMA = YES;
				CLANG_WARN_CONSTANT_CONVERSION = YES;
				CLANG_WARN_EMPTY_BODY = YES;
				CLANG_WARN_ENUM_CONVERSION = YES;
				CLANG_WARN_INFINITE_RECURSION = YES;
				CLANG_WARN_INT_CONVERSION = YES;
				CLANG_WARN_NON_LITERAL_NULL_CONVERSION = YES;
				CLANG_WARN_OBJC_LITERAL_CONVERSION = YES;
				CLANG_WARN_RANGE_LOOP_ANALYSIS = YES;
				CLANG_WARN_STRICT_PROTOTYPES = YES;
				CLANG_WARN_SUSPICIOUS_MOVE = YES;
				CLANG_WARN_UNREACHABLE_CODE = YES;
				CLANG_WARN__DUPLICATE_METHOD_MATCH = YES;
				COPY_PHASE_STRIP = YES;
				DEBUG_INFORMATION_FORMAT = "dwarf-with-dsym";
				ENABLE_STRICT_OBJC_MSGSEND = YES;
				GCC_C_LANGUAGE_STANDARD = gnu99;
				GCC_ENABLE_OBJC_EXCEPTIONS = YES;
				GCC_NO_COMMON_BLOCKS = YES;
				GCC_WARN_64_TO_32_BIT_CONVERSION = YES;
				GCC_WARN_ABOUT_RETURN_TYPE = YES;
				GCC_WARN_UNDECLARED_SELECTOR = YES;
				GCC_WARN_UNINITIALIZED_AUTOS = YES;
				GCC_WARN_UNUSED_FUNCTION = YES;
				GCC_WARN_UNUSED_VARIABLE = YES;
				MACOSX_DEPLOYMENT_TARGET = 10.8;
				SDKROOT = macosx;
			};
			name = Release;
		};
/* End XCBuildConfiguration section */

/* Begin XCConfigurationList section */
		422181BC1D047764003A015B /* Build configuration list for PBXNativeTarget "NTJBilateralCIFilterDemo" */ = {
			isa = XCConfigurationList;
			buildConfigurations = (
				422181BD1D047764003A015B /* Debug */,
				422181BE1D047764003A015B /* Release */,
			);
			defaultConfigurationIsVisible = 0;
			defaultConfigurationName = Release;
		};
		422181E61D047ADE003A015B /* Build configuration list for PBXNativeTarget "NTJBilateralCIFilter" */ = {
			isa = XCConfigurationList;
			buildConfigurations = (
				422181E71D047ADE003A015B /* Debug */,
				422181E81D047ADE003A015B /* Release */,
			);
			defaultConfigurationIsVisible = 0;
			defaultConfigurationName = Release;
		};
		4271FEE11F968AA70001B53C /* Build configuration list for PBXNativeTarget "NTJBilateralCIFilteriOSDemo" */ = {
			isa = XCConfigurationList;
			buildConfigurations = (
				4271FEDF1F968AA70001B53C /* Debug */,
				4271FEE01F968AA70001B53C /* Release */,
			);
			defaultConfigurationIsVisible = 0;
			defaultConfigurationName = Release;
		};
		4271FEFF1F9699470001B53C /* Build configuration list for PBXNativeTarget "NTJBilateralCIFilteriOS" */ = {
			isa = XCConfigurationList;
			buildConfigurations = (
				4271FF001F9699470001B53C /* Debug */,
				4271FF011F9699470001B53C /* Release */,
			);
			defaultConfigurationIsVisible = 0;
			defaultConfigurationName = Release;
		};
		4285630C17189993008EAE7C /* Build configuration list for PBXProject "NTJBilateralCIFilter" */ = {
			isa = XCConfigurationList;
			buildConfigurations = (
				4285632C17189994008EAE7C /* Debug */,
				4285632D17189994008EAE7C /* Release */,
			);
			defaultConfigurationIsVisible = 0;
			defaultConfigurationName = Release;
		};
/* End XCConfigurationList section */
	};
	rootObject = 4285630917189993008EAE7C /* Project object */;
}
